
Microsoft Visual Studio Solution File, Format Version 12.00
# Visual Studio Version 17
VisualStudioVersion = 17.9.34622.214
MinimumVisualStudioVersion = 10.0.40219.1
Project("{FAE04EC0-301F-11D3-BF4B-00C04F79EFBC}") = "WCF_Chat_Anonymous", "WCF_Chat_Anonymous\WCF_Chat_Anonymous.csproj", "{70067802-E7F1-4C81-9D24-0CF5DF6F4D86}"
EndProject
Project("{FAE04EC0-301F-11D3-BF4B-00C04F79EFBC}") = "ChatHost", "ChatHost\ChatHost.csproj", "{D68BC3E0-0217-40B9-9D1B-963BC6AECC34}"
EndProject
Global
	GlobalSection(SolutionConfigurationPlatforms) = preSolution
		Debug|Any CPU = Debug|Any CPU
		Release|Any CPU = Release|Any CPU
	EndGlobalSection
	GlobalSection(ProjectConfigurationPlatforms) = postSolution
		{70067802-E7F1-4C81-9D24-0CF5DF6F4D86}.Debug|Any CPU.ActiveCfg = Debug|Any CPU
		{70067802-E7F1-4C81-9D24-0CF5DF6F4D86}.Debug|Any CPU.Build.0 = Debug|Any CPU
		{70067802-E7F1-4C81-9D24-0CF5DF6F4D86}.Release|Any CPU.ActiveCfg = Release|Any CPU
		{70067802-E7F1-4C81-9D24-0CF5DF6F4D86}.Release|Any CPU.Build.0 = Release|Any CPU
		{D68BC3E0-0217-40B9-9D1B-963BC6AECC34}.Debug|Any CPU.ActiveCfg = Debug|Any CPU
		{D68BC3E0-0217-40B9-9D1B-963BC6AECC34}.Debug|Any CPU.Build.0 = Debug|Any CPU
		{D68BC3E0-0217-40B9-9D1B-963BC6AECC34}.Release|Any CPU.ActiveCfg = Release|Any CPU
		{D68BC3E0-0217-40B9-9D1B-963BC6AECC34}.Release|Any CPU.Build.0 = Release|Any CPU
	EndGlobalSection
	GlobalSection(SolutionProperties) = preSolution
		HideSolutionNode = FALSE
	EndGlobalSection
	GlobalSection(ExtensibilityGlobals) = postSolution
		SolutionGuid = {E0D697A4-9181-423E-ABF2-461F9ECECD35}
	EndGlobalSection
EndGlobal
